// !$*UTF8*$!
{
	archiveVersion = 1;
	classes = {
	};
	objectVersion = 48;
	objects = {

/* Begin PBXBuildFile section */
		277630C11FDD897B0048AC60 /* AppDelegate.swift in Sources */ = {isa = PBXBuildFile; fileRef = 277630C01FDD897B0048AC60 /* AppDelegate.swift */; };
		277630C31FDD897B0048AC60 /* ViewController.swift in Sources */ = {isa = PBXBuildFile; fileRef = 277630C21FDD897B0048AC60 /* ViewController.swift */; };
		277630C61FDD897B0048AC60 /* Main.storyboard in Resources */ = {isa = PBXBuildFile; fileRef = 277630C41FDD897B0048AC60 /* Main.storyboard */; };
		277630C81FDD897B0048AC60 /* Assets.xcassets in Resources */ = {isa = PBXBuildFile; fileRef = 277630C71FDD897B0048AC60 /* Assets.xcassets */; };
		277630CB1FDD897B0048AC60 /* LaunchScreen.storyboard in Resources */ = {isa = PBXBuildFile; fileRef = 277630C91FDD897B0048AC60 /* LaunchScreen.storyboard */; };
		277630D61FDD897C0048AC60 /* ProductViewerTests.swift in Sources */ = {isa = PBXBuildFile; fileRef = 277630D51FDD897C0048AC60 /* ProductViewerTests.swift */; };
		277630E11FDD897C0048AC60 /* ProductViewerUITests.swift in Sources */ = {isa = PBXBuildFile; fileRef = 277630E01FDD897C0048AC60 /* ProductViewerUITests.swift */; };
/* End PBXBuildFile section */

/* Begin PBXContainerItemProxy section */
		277630D21FDD897C0048AC60 /* PBXContainerItemProxy */ = {
			isa = PBXContainerItemProxy;
			containerPortal = 277630B51FDD897B0048AC60 /* Project object */;
			proxyType = 1;
			remoteGlobalIDString = 277630BC1FDD897B0048AC60;
			remoteInfo = ProductViewer;
		};
		277630DD1FDD897C0048AC60 /* PBXContainerItemProxy */ = {
			isa = PBXContainerItemProxy;
			containerPortal = 277630B51FDD897B0048AC60 /* Project object */;
			proxyType = 1;
			remoteGlobalIDString = 277630BC1FDD897B0048AC60;
			remoteInfo = ProductViewer;
		};
/* End PBXContainerItemProxy section */

/* Begin PBXFileReference section */
		277630BD1FDD897B0048AC60 /* ProductViewer.app */ = {isa = PBXFileReference; explicitFileType = wrapper.application; includeInIndex = 0; path = ProductViewer.app; sourceTree = BUILT_PRODUCTS_DIR; };
		277630C01FDD897B0048AC60 /* AppDelegate.swift */ = {isa = PBXFileReference; lastKnownFileType = sourcecode.swift; path = AppDelegate.swift; sourceTree = "<group>"; };
		277630C21FDD897B0048AC60 /* ViewController.swift */ = {isa = PBXFileReference; lastKnownFileType = sourcecode.swift; path = ViewController.swift; sourceTree = "<group>"; };
		277630C51FDD897B0048AC60 /* Base */ = {isa = PBXFileReference; lastKnownFileType = file.storyboard; name = Base; path = Base.lproj/Main.storyboard; sourceTree = "<group>"; };
		277630C71FDD897B0048AC60 /* Assets.xcassets */ = {isa = PBXFileReference; lastKnownFileType = folder.assetcatalog; path = Assets.xcassets; sourceTree = "<group>"; };
		277630CA1FDD897B0048AC60 /* Base */ = {isa = PBXFileReference; lastKnownFileType = file.storyboard; name = Base; path = Base.lproj/LaunchScreen.storyboard; sourceTree = "<group>"; };
		277630CC1FDD897B0048AC60 /* Info.plist */ = {isa = PBXFileReference; lastKnownFileType = text.plist.xml; path = Info.plist; sourceTree = "<group>"; };
		277630D11FDD897C0048AC60 /* ProductViewerTests.xctest */ = {isa = PBXFileReference; explicitFileType = wrapper.cfbundle; includeInIndex = 0; path = ProductViewerTests.xctest; sourceTree = BUILT_PRODUCTS_DIR; };
		277630D51FDD897C0048AC60 /* ProductViewerTests.swift */ = {isa = PBXFileReference; lastKnownFileType = sourcecode.swift; path = ProductViewerTests.swift; sourceTree = "<group>"; };
		277630D71FDD897C0048AC60 /* Info.plist */ = {isa = PBXFileReference; lastKnownFileType = text.plist.xml; path = Info.plist; sourceTree = "<group>"; };
		277630DC1FDD897C0048AC60 /* ProductViewerUITests.xctest */ = {isa = PBXFileReference; explicitFileType = wrapper.cfbundle; includeInIndex = 0; path = ProductViewerUITests.xctest; sourceTree = BUILT_PRODUCTS_DIR; };
		277630E01FDD897C0048AC60 /* ProductViewerUITests.swift */ = {isa = PBXFileReference; lastKnownFileType = sourcecode.swift; path = ProductViewerUITests.swift; sourceTree = "<group>"; };
		277630E21FDD897C0048AC60 /* Info.plist */ = {isa = PBXFileReference; lastKnownFileType = text.plist.xml; path = Info.plist; sourceTree = "<group>"; };
/* End PBXFileReference section */

/* Begin PBXFrameworksBuildPhase section */
		277630BA1FDD897B0048AC60 /* Frameworks */ = {
			isa = PBXFrameworksBuildPhase;
			buildActionMask = 2147483647;
			files = (
			);
			runOnlyForDeploymentPostprocessing = 0;
		};
		277630CE1FDD897C0048AC60 /* Frameworks */ = {
			isa = PBXFrameworksBuildPhase;
			buildActionMask = 2147483647;
			files = (
			);
			runOnlyForDeploymentPostprocessing = 0;
		};
		277630D91FDD897C0048AC60 /* Frameworks */ = {
			isa = PBXFrameworksBuildPhase;
			buildActionMask = 2147483647;
			files = (
			);
			runOnlyForDeploymentPostprocessing = 0;
		};
/* End PBXFrameworksBuildPhase section */

/* Begin PBXGroup section */
		277630B41FDD897B0048AC60 = {
			isa = PBXGroup;
			children = (
				277630BF1FDD897B0048AC60 /* ProductViewer */,
				277630D41FDD897C0048AC60 /* ProductViewerTests */,
				277630DF1FDD897C0048AC60 /* ProductViewerUITests */,
				277630BE1FDD897B0048AC60 /* Products */,
			);
			sourceTree = "<group>";
		};
		277630BE1FDD897B0048AC60 /* Products */ = {
			isa = PBXGroup;
			children = (
				277630BD1FDD897B0048AC60 /* ProductViewer.app */,
				277630D11FDD897C0048AC60 /* ProductViewerTests.xctest */,
				277630DC1FDD897C0048AC60 /* ProductViewerUITests.xctest */,
			);
			name = Products;
			sourceTree = "<group>";
		};
		277630BF1FDD897B0048AC60 /* ProductViewer */ = {
			isa = PBXGroup;
			children = (
				277630C01FDD897B0048AC60 /* AppDelegate.swift */,
				277630C21FDD897B0048AC60 /* ViewController.swift */,
				277630C41FDD897B0048AC60 /* Main.storyboard */,
				277630C71FDD897B0048AC60 /* Assets.xcassets */,
				277630C91FDD897B0048AC60 /* LaunchScreen.storyboard */,
				277630CC1FDD897B0048AC60 /* Info.plist */,
			);
			path = ProductViewer;
			sourceTree = "<group>";
		};
		277630D41FDD897C0048AC60 /* ProductViewerTests */ = {
			isa = PBXGroup;
			children = (
				277630D51FDD897C0048AC60 /* ProductViewerTests.swift */,
				277630D71FDD897C0048AC60 /* Info.plist */,
			);
			path = ProductViewerTests;
			sourceTree = "<group>";
		};
		277630DF1FDD897C0048AC60 /* ProductViewerUITests */ = {
			isa = PBXGroup;
			children = (
				277630E01FDD897C0048AC60 /* ProductViewerUITests.swift */,
				277630E21FDD897C0048AC60 /* Info.plist */,
			);
			path = ProductViewerUITests;
			sourceTree = "<group>";
		};
/* End PBXGroup section */

/* Begin PBXNativeTarget section */
		277630BC1FDD897B0048AC60 /* ProductViewer */ = {
			isa = PBXNativeTarget;
			buildConfigurationList = 277630E51FDD897C0048AC60 /* Build configuration list for PBXNativeTarget "ProductViewer" */;
			buildPhases = (
				277630B91FDD897B0048AC60 /* Sources */,
				277630BA1FDD897B0048AC60 /* Frameworks */,
				277630BB1FDD897B0048AC60 /* Resources */,
			);
			buildRules = (
			);
			dependencies = (
			);
			name = ProductViewer;
			productName = ProductViewer;
			productReference = 277630BD1FDD897B0048AC60 /* ProductViewer.app */;
			productType = "com.apple.product-type.application";
		};
		277630D01FDD897C0048AC60 /* ProductViewerTests */ = {
			isa = PBXNativeTarget;
			buildConfigurationList = 277630E81FDD897C0048AC60 /* Build configuration list for PBXNativeTarget "ProductViewerTests" */;
			buildPhases = (
				277630CD1FDD897C0048AC60 /* Sources */,
				277630CE1FDD897C0048AC60 /* Frameworks */,
				277630CF1FDD897C0048AC60 /* Resources */,
			);
			buildRules = (
			);
			dependencies = (
				277630D31FDD897C0048AC60 /* PBXTargetDependency */,
			);
			name = ProductViewerTests;
			productName = ProductViewerTests;
			productReference = 277630D11FDD897C0048AC60 /* ProductViewerTests.xctest */;
			productType = "com.apple.product-type.bundle.unit-test";
		};
		277630DB1FDD897C0048AC60 /* ProductViewerUITests */ = {
			isa = PBXNativeTarget;
			buildConfigurationList = 277630EB1FDD897C0048AC60 /* Build configuration list for PBXNativeTarget "ProductViewerUITests" */;
			buildPhases = (
				277630D81FDD897C0048AC60 /* Sources */,
				277630D91FDD897C0048AC60 /* Frameworks */,
				277630DA1FDD897C0048AC60 /* Resources */,
			);
			buildRules = (
			);
			dependencies = (
				277630DE1FDD897C0048AC60 /* PBXTargetDependency */,
			);
			name = ProductViewerUITests;
			productName = ProductViewerUITests;
			productReference = 277630DC1FDD897C0048AC60 /* ProductViewerUITests.xctest */;
			productType = "com.apple.product-type.bundle.ui-testing";
		};
/* End PBXNativeTarget section */

/* Begin PBXProject section */
		277630B51FDD897B0048AC60 /* Project object */ = {
			isa = PBXProject;
			attributes = {
				LastSwiftUpdateCheck = 0910;
				LastUpgradeCheck = 0910;
				ORGANIZATIONNAME = "Richard S. Munz";
				TargetAttributes = {
					277630BC1FDD897B0048AC60 = {
						CreatedOnToolsVersion = 9.1;
						ProvisioningStyle = Automatic;
					};
					277630D01FDD897C0048AC60 = {
						CreatedOnToolsVersion = 9.1;
						ProvisioningStyle = Automatic;
						TestTargetID = 277630BC1FDD897B0048AC60;
					};
					277630DB1FDD897C0048AC60 = {
						CreatedOnToolsVersion = 9.1;
						ProvisioningStyle = Automatic;
						TestTargetID = 277630BC1FDD897B0048AC60;
					};
				};
			};
			buildConfigurationList = 277630B81FDD897B0048AC60 /* Build configuration list for PBXProject "ProductViewer" */;
			compatibilityVersion = "Xcode 8.0";
			developmentRegion = en;
			hasScannedForEncodings = 0;
			knownRegions = (
				en,
				Base,
			);
			mainGroup = 277630B41FDD897B0048AC60;
			productRefGroup = 277630BE1FDD897B0048AC60 /* Products */;
			projectDirPath = "";
			projectRoot = "";
			targets = (
				277630BC1FDD897B0048AC60 /* ProductViewer */,
				277630D01FDD897C0048AC60 /* ProductViewerTests */,
				277630DB1FDD897C0048AC60 /* ProductViewerUITests */,
			);
		};
/* End PBXProject section */

/* Begin PBXResourcesBuildPhase section */
		277630BB1FDD897B0048AC60 /* Resources */ = {
			isa = PBXResourcesBuildPhase;
			buildActionMask = 2147483647;
			files = (
				277630CB1FDD897B0048AC60 /* LaunchScreen.storyboard in Resources */,
				277630C81FDD897B0048AC60 /* Assets.xcassets in Resources */,
				277630C61FDD897B0048AC60 /* Main.storyboard in Resources */,
			);
			runOnlyForDeploymentPostprocessing = 0;
		};
		277630CF1FDD897C0048AC60 /* Resources */ = {
			isa = PBXResourcesBuildPhase;
			buildActionMask = 2147483647;
			files = (
			);
			runOnlyForDeploymentPostprocessing = 0;
		};
		277630DA1FDD897C0048AC60 /* Resources */ = {
			isa = PBXResourcesBuildPhase;
			buildActionMask = 2147483647;
			files = (
			);
			runOnlyForDeploymentPostprocessing = 0;
		};
/* End PBXResourcesBuildPhase section */

/* Begin PBXSourcesBuildPhase section */
		277630B91FDD897B0048AC60 /* Sources */ = {
			isa = PBXSourcesBuildPhase;
			buildActionMask = 2147483647;
			files = (
				277630C31FDD897B0048AC60 /* ViewController.swift in Sources */,
				277630C11FDD897B0048AC60 /* AppDelegate.swift in Sources */,
			);
			runOnlyForDeploymentPostprocessing = 0;
		};
		277630CD1FDD897C0048AC60 /* Sources */ = {
			isa = PBXSourcesBuildPhase;
			buildActionMask = 2147483647;
			files = (
				277630D61FDD897C0048AC60 /* ProductViewerTests.swift in Sources */,
			);
			runOnlyForDeploymentPostprocessing = 0;
		};
		277630D81FDD897C0048AC60 /* Sources */ = {
			isa = PBXSourcesBuildPhase;
			buildActionMask = 2147483647;
			files = (
				277630E11FDD897C0048AC60 /* ProductViewerUITests.swift in Sources */,
			);
			runOnlyForDeploymentPostprocessing = 0;
		};
/* End PBXSourcesBuildPhase section */

/* Begin PBXTargetDependency section */
		277630D31FDD897C0048AC60 /* PBXTargetDependency */ = {
			isa = PBXTargetDependency;
			target = 277630BC1FDD897B0048AC60 /* ProductViewer */;
			targetProxy = 277630D21FDD897C0048AC60 /* PBXContainerItemProxy */;
		};
		277630DE1FDD897C0048AC60 /* PBXTargetDependency */ = {
			isa = PBXTargetDependency;
			target = 277630BC1FDD897B0048AC60 /* ProductViewer */;
			targetProxy = 277630DD1FDD897C0048AC60 /* PBXContainerItemProxy */;
		};
/* End PBXTargetDependency section */

/* Begin PBXVariantGroup section */
		277630C41FDD897B0048AC60 /* Main.storyboard */ = {
			isa = PBXVariantGroup;
			children = (
				277630C51FDD897B0048AC60 /* Base */,
			);
			name = Main.storyboard;
			sourceTree = "<group>";
		};
		277630C91FDD897B0048AC60 /* LaunchScreen.storyboard */ = {
			isa = PBXVariantGroup;
			children = (
				277630CA1FDD897B0048AC60 /* Base */,
			);
			name = LaunchScreen.storyboard;
			sourceTree = "<group>";
		};
/* End PBXVariantGroup section */

/* Begin XCBuildConfiguration section */
		277630E31FDD897C0048AC60 /* Debug */ = {
			isa = XCBuildConfiguration;
			buildSettings = {
				ALWAYS_SEARCH_USER_PATHS = NO;
				CLANG_ANALYZER_NONNULL = YES;
				CLANG_ANALYZER_NUMBER_OBJECT_CONVERSION = YES_AGGRESSIVE;
				CLANG_CXX_LANGUAGE_STANDARD = "gnu++14";
				CLANG_CXX_LIBRARY = "libc++";
				CLANG_ENABLE_MODULES = YES;
				CLANG_ENABLE_OBJC_ARC = YES;
				CLANG_WARN_BLOCK_CAPTURE_AUTORELEASING = YES;
				CLANG_WARN_BOOL_CONVERSION = YES;
				CLANG_WARN_COMMA = YES;
				CLANG_WARN_CONSTANT_CONVERSION = YES;
				CLANG_WARN_DIRECT_OBJC_ISA_USAGE = YES_ERROR;
				CLANG_WARN_DOCUMENTATION_COMMENTS = YES;
				CLANG_WARN_EMPTY_BODY = YES;
				CLANG_WARN_ENUM_CONVERSION = YES;
				CLANG_WARN_INFINITE_RECURSION = YES;
				CLANG_WARN_INT_CONVERSION = YES;
				CLANG_WARN_NON_LITERAL_NULL_CONVERSION = YES;
				CLANG_WARN_OBJC_LITERAL_CONVERSION = YES;
				CLANG_WARN_OBJC_ROOT_CLASS = YES_ERROR;
				CLANG_WARN_RANGE_LOOP_ANALYSIS = YES;
				CLANG_WARN_STRICT_PROTOTYPES = YES;
				CLANG_WARN_SUSPICIOUS_MOVE = YES;
				CLANG_WARN_UNGUARDED_AVAILABILITY = YES_AGGRESSIVE;
				CLANG_WARN_UNREACHABLE_CODE = YES;
				CLANG_WARN__DUPLICATE_METHOD_MATCH = YES;
				CODE_SIGN_IDENTITY = "iPhone Developer";
				COPY_PHASE_STRIP = NO;
				DEBUG_INFORMATION_FORMAT = dwarf;
				ENABLE_STRICT_OBJC_MSGSEND = YES;
				ENABLE_TESTABILITY = YES;
				GCC_C_LANGUAGE_STANDARD = gnu11;
				GCC_DYNAMIC_NO_PIC = NO;
				GCC_NO_COMMON_BLOCKS = YES;
				GCC_OPTIMIZATION_LEVEL = 0;
				GCC_PREPROCESSOR_DEFINITIONS = (
					"DEBUG=1",
					"$(inherited)",
				);
				GCC_WARN_64_TO_32_BIT_CONVERSION = YES;
				GCC_WARN_ABOUT_RETURN_TYPE = YES_ERROR;
				GCC_WARN_UNDECLARED_SELECTOR = YES;
				GCC_WARN_UNINITIALIZED_AUTOS = YES_AGGRESSIVE;
				GCC_WARN_UNUSED_FUNCTION = YES;
				GCC_WARN_UNUSED_VARIABLE = YES;
				IPHONEOS_DEPLOYMENT_TARGET = 11.1;
				MTL_ENABLE_DEBUG_INFO = YES;
				ONLY_ACTIVE_ARCH = YES;
				SDKROOT = iphoneos;
				SWIFT_ACTIVE_COMPILATION_CONDITIONS = DEBUG;
				SWIFT_OPTIMIZATION_LEVEL = "-Onone";
			};
			name = Debug;
		};
		277630E41FDD897C0048AC60 /* Release */ = {
			isa = XCBuildConfiguration;
			buildSettings = {
				ALWAYS_SEARCH_USER_PATHS = NO;
				CLANG_ANALYZER_NONNULL = YES;
				CLANG_ANALYZER_NUMBER_OBJECT_CONVERSION = YES_AGGRESSIVE;
				CLANG_CXX_LANGUAGE_STANDARD = "gnu++14";
				CLANG_CXX_LIBRARY = "libc++";
				CLANG_ENABLE_MODULES = YES;
				CLANG_ENABLE_OBJC_ARC = YES;
				CLANG_WARN_BLOCK_CAPTURE_AUTORELEASING = YES;
				CLANG_WARN_BOOL_CONVERSION = YES;
				CLANG_WARN_COMMA = YES;
				CLANG_WARN_CONSTANT_CONVERSION = YES;
				CLANG_WARN_DIRECT_OBJC_ISA_USAGE = YES_ERROR;
				CLANG_WARN_DOCUMENTATION_COMMENTS = YES;
				CLANG_WARN_EMPTY_BODY = YES;
				CLANG_WARN_ENUM_CONVERSION = YES;
				CLANG_WARN_INFINITE_RECURSION = YES;
				CLANG_WARN_INT_CONVERSION = YES;
				CLANG_WARN_NON_LITERAL_NULL_CONVERSION = YES;
				CLANG_WARN_OBJC_LITERAL_CONVERSION = YES;
				CLANG_WARN_OBJC_ROOT_CLASS = YES_ERROR;
				CLANG_WARN_RANGE_LOOP_ANALYSIS = YES;
				CLANG_WARN_STRICT_PROTOTYPES = YES;
				CLANG_WARN_SUSPICIOUS_MOVE = YES;
				CLANG_WARN_UNGUARDED_AVAILABILITY = YES_AGGRESSIVE;
				CLANG_WARN_UNREACHABLE_CODE = YES;
				CLANG_WARN__DUPLICATE_METHOD_MATCH = YES;
				CODE_SIGN_IDENTITY = "iPhone Developer";
				COPY_PHASE_STRIP = NO;
				DEBUG_INFORMATION_FORMAT = "dwarf-with-dsym";
				ENABLE_NS_ASSERTIONS = NO;
				ENABLE_STRICT_OBJC_MSGSEND = YES;
				GCC_C_LANGUAGE_STANDARD = gnu11;
				GCC_NO_COMMON_BLOCKS = YES;
				GCC_WARN_64_TO_32_BIT_CONVERSION = YES;
				GCC_WARN_ABOUT_RETURN_TYPE = YES_ERROR;
				GCC_WARN_UNDECLARED_SELECTOR = YES;
				GCC_WARN_UNINITIALIZED_AUTOS = YES_AGGRESSIVE;
				GCC_WARN_UNUSED_FUNCTION = YES;
				GCC_WARN_UNUSED_VARIABLE = YES;
				IPHONEOS_DEPLOYMENT_TARGET = 11.1;
				MTL_ENABLE_DEBUG_INFO = NO;
				SDKROOT = iphoneos;
				SWIFT_OPTIMIZATION_LEVEL = "-Owholemodule";
				VALIDATE_PRODUCT = YES;
			};
			name = Release;
		};
		277630E61FDD897C0048AC60 /* Debug */ = {
			isa = XCBuildConfiguration;
			buildSettings = {
				ASSETCATALOG_COMPILER_APPICON_NAME = AppIcon;
				CODE_SIGN_STYLE = Automatic;
				DEVELOPMENT_TEAM = 39HW9QL7SF;
				INFOPLIST_FILE = ProductViewer/Info.plist;
				LD_RUNPATH_SEARCH_PATHS = "$(inherited) @executable_path/Frameworks";
				PRODUCT_BUNDLE_IDENTIFIER = com.example.rickymunz.ProductViewer;
				PRODUCT_NAME = "$(TARGET_NAME)";
				SWIFT_VERSION = 4.0;
				TARGETED_DEVICE_FAMILY = "1,2";
			};
			name = Debug;
		};
		277630E71FDD897C0048AC60 /* Release */ = {
			isa = XCBuildConfiguration;
			buildSettings = {
				ASSETCATALOG_COMPILER_APPICON_NAME = AppIcon;
				CODE_SIGN_STYLE = Automatic;
				DEVELOPMENT_TEAM = 39HW9QL7SF;
				INFOPLIST_FILE = ProductViewer/Info.plist;
				LD_RUNPATH_SEARCH_PATHS = "$(inherited) @executable_path/Frameworks";
				PRODUCT_BUNDLE_IDENTIFIER = com.example.rickymunz.ProductViewer;
				PRODUCT_NAME = "$(TARGET_NAME)";
				SWIFT_VERSION = 4.0;
				TARGETED_DEVICE_FAMILY = "1,2";
			};
			name = Release;
		};
		277630E91FDD897C0048AC60 /* Debug */ = {
			isa = XCBuildConfiguration;
			buildSettings = {
				ALWAYS_EMBED_SWIFT_STANDARD_LIBRARIES = YES;
				BUNDLE_LOADER = "$(TEST_HOST)";
				CODE_SIGN_STYLE = Automatic;
				DEVELOPMENT_TEAM = 39HW9QL7SF;
				INFOPLIST_FILE = ProductViewerTests/Info.plist;
				LD_RUNPATH_SEARCH_PATHS = "$(inherited) @executable_path/Frameworks @loader_path/Frameworks";
				PRODUCT_BUNDLE_IDENTIFIER = com.example.rickymunz.ProductViewerTests;
				PRODUCT_NAME = "$(TARGET_NAME)";
				SWIFT_VERSION = 4.0;
				TARGETED_DEVICE_FAMILY = "1,2";
				TEST_HOST = "$(BUILT_PRODUCTS_DIR)/ProductViewer.app/ProductViewer";
			};
			name = Debug;
		};
		277630EA1FDD897C0048AC60 /* Release */ = {
			isa = XCBuildConfiguration;
			buildSettings = {
				ALWAYS_EMBED_SWIFT_STANDARD_LIBRARIES = YES;
				BUNDLE_LOADER = "$(TEST_HOST)";
				CODE_SIGN_STYLE = Automatic;
				DEVELOPMENT_TEAM = 39HW9QL7SF;
				INFOPLIST_FILE = ProductViewerTests/Info.plist;
				LD_RUNPATH_SEARCH_PATHS = "$(inherited) @executable_path/Frameworks @loader_path/Frameworks";
				PRODUCT_BUNDLE_IDENTIFIER = com.example.rickymunz.ProductViewerTests;
				PRODUCT_NAME = "$(TARGET_NAME)";
				SWIFT_VERSION = 4.0;
				TARGETED_DEVICE_FAMILY = "1,2";
				TEST_HOST = "$(BUILT_PRODUCTS_DIR)/ProductViewer.app/ProductViewer";
			};
			name = Release;
		};
		277630EC1FDD897C0048AC60 /* Debug */ = {
			isa = XCBuildConfiguration;
			buildSettings = {
				ALWAYS_EMBED_SWIFT_STANDARD_LIBRARIES = YES;
				CODE_SIGN_STYLE = Automatic;
				DEVELOPMENT_TEAM = 39HW9QL7SF;
				INFOPLIST_FILE = ProductViewerUITests/Info.plist;
				LD_RUNPATH_SEARCH_PATHS = "$(inherited) @executable_path/Frameworks @loader_path/Frameworks";
				PRODUCT_BUNDLE_IDENTIFIER = com.example.rickymunz.ProductViewerUITests;
				PRODUCT_NAME = "$(TARGET_NAME)";
				SWIFT_VERSION = 4.0;
				TARGETED_DEVICE_FAMILY = "1,2";
				TEST_TARGET_NAME = ProductViewer;
			};
			name = Debug;
		};
		277630ED1FDD897C0048AC60 /* Release */ = {
			isa = XCBuildConfiguration;
			buildSettings = {
				ALWAYS_EMBED_SWIFT_STANDARD_LIBRARIES = YES;
				CODE_SIGN_STYLE = Automatic;
				DEVELOPMENT_TEAM = 39HW9QL7SF;
				INFOPLIST_FILE = ProductViewerUITests/Info.plist;
				LD_RUNPATH_SEARCH_PATHS = "$(inherited) @executable_path/Frameworks @loader_path/Frameworks";
				PRODUCT_BUNDLE_IDENTIFIER = com.example.rickymunz.ProductViewerUITests;
				PRODUCT_NAME = "$(TARGET_NAME)";
				SWIFT_VERSION = 4.0;
				TARGETED_DEVICE_FAMILY = "1,2";
				TEST_TARGET_NAME = ProductViewer;
			};
			name = Release;
		};
/* End XCBuildConfiguration section */

/* Begin XCConfigurationList section */
		277630B81FDD897B0048AC60 /* Build configuration list for PBXProject "ProductViewer" */ = {
			isa = XCConfigurationList;
			buildConfigurations = (
				277630E31FDD897C0048AC60 /* Debug */,
				277630E41FDD897C0048AC60 /* Release */,
			);
			defaultConfigurationIsVisible = 0;
			defaultConfigurationName = Release;
		};
		277630E51FDD897C0048AC60 /* Build configuration list for PBXNativeTarget "ProductViewer" */ = {
			isa = XCConfigurationList;
			buildConfigurations = (
				277630E61FDD897C0048AC60 /* Debug */,
				277630E71FDD897C0048AC60 /* Release */,
			);
			defaultConfigurationIsVisible = 0;
			defaultConfigurationName = Release;
		};
		277630E81FDD897C0048AC60 /* Build configuration list for PBXNativeTarget "ProductViewerTests" */ = {
			isa = XCConfigurationList;
			buildConfigurations = (
				277630E91FDD897C0048AC60 /* Debug */,
				277630EA1FDD897C0048AC60 /* Release */,
			);
			defaultConfigurationIsVisible = 0;
			defaultConfigurationName = Release;
		};
		277630EB1FDD897C0048AC60 /* Build configuration list for PBXNativeTarget "ProductViewerUITests" */ = {
			isa = XCConfigurationList;
			buildConfigurations = (
				277630EC1FDD897C0048AC60 /* Debug */,
				277630ED1FDD897C0048AC60 /* Release */,
			);
			defaultConfigurationIsVisible = 0;
			defaultConfigurationName = Release;
		};
/* End XCConfigurationList section */
	};
	rootObject = 277630B51FDD897B0048AC60 /* Project object */;
}
