// !$*UTF8*$!
{
	archiveVersion = 1;
	classes = {
	};
	objectVersion = 48;
	objects = {

/* Begin PBXBuildFile section */
		27387D9F1FDEE5AD00D5661C /* Offer.swift in Sources */ = {isa = PBXBuildFile; fileRef = 27387D9E1FDEE5AD00D5661C /* Offer.swift */; };
		27387DA21FDEF62300D5661C /* OfferDetailViewController.swift in Sources */ = {isa = PBXBuildFile; fileRef = 27387DA11FDEF62300D5661C /* OfferDetailViewController.swift */; };
		27387DA51FDF2A5900D5661C /* ColorExtension.swift in Sources */ = {isa = PBXBuildFile; fileRef = 27387DA41FDF2A5900D5661C /* ColorExtension.swift */; };
		27387DA71FDF380300D5661C /* UIViewExtension.swift in Sources */ = {isa = PBXBuildFile; fileRef = 27387DA61FDF380300D5661C /* UIViewExtension.swift */; };
		27582A521FDD9265000155D5 /* OfferCollectionViewCell.swift in Sources */ = {isa = PBXBuildFile; fileRef = 27582A511FDD9265000155D5 /* OfferCollectionViewCell.swift */; };
		27582A571FDDF3C6000155D5 /* Assets.xcassets in Resources */ = {isa = PBXBuildFile; fileRef = 27582A561FDDF3C6000155D5 /* Assets.xcassets */; };
		275BDD191FDF682B002F662A /* OfferDetailView.swift in Sources */ = {isa = PBXBuildFile; fileRef = 275BDD181FDF682B002F662A /* OfferDetailView.swift */; };
		275BDD1C1FDF6CC6002F662A /* FavoritableImageView.swift in Sources */ = {isa = PBXBuildFile; fileRef = 275BDD1B1FDF6CC6002F662A /* FavoritableImageView.swift */; };
		275BDD201FE0297B002F662A /* FavoriteButton.swift in Sources */ = {isa = PBXBuildFile; fileRef = 275BDD1F1FE0297B002F662A /* FavoriteButton.swift */; };
		277630C11FDD897B0048AC60 /* AppDelegate.swift in Sources */ = {isa = PBXBuildFile; fileRef = 277630C01FDD897B0048AC60 /* AppDelegate.swift */; };
		277630C31FDD897B0048AC60 /* OffersCollectionViewController.swift in Sources */ = {isa = PBXBuildFile; fileRef = 277630C21FDD897B0048AC60 /* OffersCollectionViewController.swift */; };
		277630CB1FDD897B0048AC60 /* LaunchScreen.storyboard in Resources */ = {isa = PBXBuildFile; fileRef = 277630C91FDD897B0048AC60 /* LaunchScreen.storyboard */; };
		277630D61FDD897C0048AC60 /* ProductViewerTests.swift in Sources */ = {isa = PBXBuildFile; fileRef = 277630D51FDD897C0048AC60 /* ProductViewerTests.swift */; };
		277630E11FDD897C0048AC60 /* ProductViewerUITests.swift in Sources */ = {isa = PBXBuildFile; fileRef = 277630E01FDD897C0048AC60 /* ProductViewerUITests.swift */; };
		2776C2431FE0559100F3873D /* UILabelExtension.swift in Sources */ = {isa = PBXBuildFile; fileRef = 2776C2421FE0559100F3873D /* UILabelExtension.swift */; };
		2776C2451FE05D4C00F3873D /* data.json in Resources */ = {isa = PBXBuildFile; fileRef = 2776C2441FE05D4C00F3873D /* data.json */; };
		2776C2481FE0765E00F3873D /* ScreenDimensions.swift in Sources */ = {isa = PBXBuildFile; fileRef = 2776C2471FE0765E00F3873D /* ScreenDimensions.swift */; };
		279E37291FE20D9600BF5BBA /* OfferCollectionViewFlowLayout.swift in Sources */ = {isa = PBXBuildFile; fileRef = 279E37281FE20D9600BF5BBA /* OfferCollectionViewFlowLayout.swift */; };
		7586BAE62439EC9DDFCFE0C3 /* Pods_ProductViewerUITests.framework in Frameworks */ = {isa = PBXBuildFile; fileRef = E49DE1E931EC98894DE1FC85 /* Pods_ProductViewerUITests.framework */; };
		82B1A179D1CC76B09BF253A4 /* Pods_ProductViewerTests.framework in Frameworks */ = {isa = PBXBuildFile; fileRef = D1ECC77753C6A8184DBC1594 /* Pods_ProductViewerTests.framework */; };
		F759FD3576DEB187E3A33D6C /* Pods_ProductViewer.framework in Frameworks */ = {isa = PBXBuildFile; fileRef = F7A4081E61A8F9F7BC96DB6B /* Pods_ProductViewer.framework */; };
/* End PBXBuildFile section */

/* Begin PBXContainerItemProxy section */
		277630D21FDD897C0048AC60 /* PBXContainerItemProxy */ = {
			isa = PBXContainerItemProxy;
			containerPortal = 277630B51FDD897B0048AC60 /* Project object */;
			proxyType = 1;
			remoteGlobalIDString = 277630BC1FDD897B0048AC60;
			remoteInfo = ProductViewer;
		};
		277630DD1FDD897C0048AC60 /* PBXContainerItemProxy */ = {
			isa = PBXContainerItemProxy;
			containerPortal = 277630B51FDD897B0048AC60 /* Project object */;
			proxyType = 1;
			remoteGlobalIDString = 277630BC1FDD897B0048AC60;
			remoteInfo = ProductViewer;
		};
/* End PBXContainerItemProxy section */

/* Begin PBXFileReference section */
		1D9BFEB324379BB323AE8603 /* Pods-ProductViewer.debug.xcconfig */ = {isa = PBXFileReference; includeInIndex = 1; lastKnownFileType = text.xcconfig; name = "Pods-ProductViewer.debug.xcconfig"; path = "Pods/Target Support Files/Pods-ProductViewer/Pods-ProductViewer.debug.xcconfig"; sourceTree = "<group>"; };
		27387D9E1FDEE5AD00D5661C /* Offer.swift */ = {isa = PBXFileReference; lastKnownFileType = sourcecode.swift; path = Offer.swift; sourceTree = "<group>"; };
		27387DA11FDEF62300D5661C /* OfferDetailViewController.swift */ = {isa = PBXFileReference; lastKnownFileType = sourcecode.swift; path = OfferDetailViewController.swift; sourceTree = "<group>"; };
		27387DA41FDF2A5900D5661C /* ColorExtension.swift */ = {isa = PBXFileReference; lastKnownFileType = sourcecode.swift; path = ColorExtension.swift; sourceTree = "<group>"; };
		27387DA61FDF380300D5661C /* UIViewExtension.swift */ = {isa = PBXFileReference; lastKnownFileType = sourcecode.swift; name = UIViewExtension.swift; path = "../../../productViewer/ProductViewer/Type Extensions/UIViewExtension.swift"; sourceTree = "<group>"; };
		27582A511FDD9265000155D5 /* OfferCollectionViewCell.swift */ = {isa = PBXFileReference; lastKnownFileType = sourcecode.swift; path = OfferCollectionViewCell.swift; sourceTree = "<group>"; };
		27582A561FDDF3C6000155D5 /* Assets.xcassets */ = {isa = PBXFileReference; lastKnownFileType = folder.assetcatalog; name = Assets.xcassets; path = ../../productViewer/Assets.xcassets; sourceTree = "<group>"; };
		275BDD181FDF682B002F662A /* OfferDetailView.swift */ = {isa = PBXFileReference; lastKnownFileType = sourcecode.swift; path = OfferDetailView.swift; sourceTree = "<group>"; };
		275BDD1B1FDF6CC6002F662A /* FavoritableImageView.swift */ = {isa = PBXFileReference; lastKnownFileType = sourcecode.swift; path = FavoritableImageView.swift; sourceTree = "<group>"; };
		275BDD1F1FE0297B002F662A /* FavoriteButton.swift */ = {isa = PBXFileReference; lastKnownFileType = sourcecode.swift; path = FavoriteButton.swift; sourceTree = "<group>"; };
		277630BD1FDD897B0048AC60 /* ProductViewer.app */ = {isa = PBXFileReference; explicitFileType = wrapper.application; includeInIndex = 0; path = ProductViewer.app; sourceTree = BUILT_PRODUCTS_DIR; };
		277630C01FDD897B0048AC60 /* AppDelegate.swift */ = {isa = PBXFileReference; lastKnownFileType = sourcecode.swift; path = AppDelegate.swift; sourceTree = "<group>"; };
		277630C21FDD897B0048AC60 /* OffersCollectionViewController.swift */ = {isa = PBXFileReference; lastKnownFileType = sourcecode.swift; path = OffersCollectionViewController.swift; sourceTree = "<group>"; };
		277630CA1FDD897B0048AC60 /* Base */ = {isa = PBXFileReference; lastKnownFileType = file.storyboard; name = Base; path = Base.lproj/LaunchScreen.storyboard; sourceTree = "<group>"; };
		277630CC1FDD897B0048AC60 /* Info.plist */ = {isa = PBXFileReference; lastKnownFileType = text.plist.xml; path = Info.plist; sourceTree = "<group>"; };
		277630D11FDD897C0048AC60 /* ProductViewerTests.xctest */ = {isa = PBXFileReference; explicitFileType = wrapper.cfbundle; includeInIndex = 0; path = ProductViewerTests.xctest; sourceTree = BUILT_PRODUCTS_DIR; };
		277630D51FDD897C0048AC60 /* ProductViewerTests.swift */ = {isa = PBXFileReference; lastKnownFileType = sourcecode.swift; path = ProductViewerTests.swift; sourceTree = "<group>"; };
		277630D71FDD897C0048AC60 /* Info.plist */ = {isa = PBXFileReference; lastKnownFileType = text.plist.xml; path = Info.plist; sourceTree = "<group>"; };
		277630DC1FDD897C0048AC60 /* ProductViewerUITests.xctest */ = {isa = PBXFileReference; explicitFileType = wrapper.cfbundle; includeInIndex = 0; path = ProductViewerUITests.xctest; sourceTree = BUILT_PRODUCTS_DIR; };
		277630E01FDD897C0048AC60 /* ProductViewerUITests.swift */ = {isa = PBXFileReference; lastKnownFileType = sourcecode.swift; path = ProductViewerUITests.swift; sourceTree = "<group>"; };
		277630E21FDD897C0048AC60 /* Info.plist */ = {isa = PBXFileReference; lastKnownFileType = text.plist.xml; path = Info.plist; sourceTree = "<group>"; };
		2776C2421FE0559100F3873D /* UILabelExtension.swift */ = {isa = PBXFileReference; lastKnownFileType = sourcecode.swift; path = UILabelExtension.swift; sourceTree = "<group>"; };
		2776C2441FE05D4C00F3873D /* data.json */ = {isa = PBXFileReference; fileEncoding = 4; lastKnownFileType = text.json; path = data.json; sourceTree = "<group>"; };
		2776C2471FE0765E00F3873D /* ScreenDimensions.swift */ = {isa = PBXFileReference; lastKnownFileType = sourcecode.swift; path = ScreenDimensions.swift; sourceTree = "<group>"; };
		279E37281FE20D9600BF5BBA /* OfferCollectionViewFlowLayout.swift */ = {isa = PBXFileReference; lastKnownFileType = sourcecode.swift; path = OfferCollectionViewFlowLayout.swift; sourceTree = "<group>"; };
		381AC6A7DA62685D5F8A90FD /* Pods-ProductViewerUITests.release.xcconfig */ = {isa = PBXFileReference; includeInIndex = 1; lastKnownFileType = text.xcconfig; name = "Pods-ProductViewerUITests.release.xcconfig"; path = "Pods/Target Support Files/Pods-ProductViewerUITests/Pods-ProductViewerUITests.release.xcconfig"; sourceTree = "<group>"; };
		4D72AED3B90AE97D8C255BBE /* Pods-ProductViewerTests.release.xcconfig */ = {isa = PBXFileReference; includeInIndex = 1; lastKnownFileType = text.xcconfig; name = "Pods-ProductViewerTests.release.xcconfig"; path = "Pods/Target Support Files/Pods-ProductViewerTests/Pods-ProductViewerTests.release.xcconfig"; sourceTree = "<group>"; };
		4F1EB2B0BA98EF7C6FF7DD90 /* Pods-ProductViewerUITests.debug.xcconfig */ = {isa = PBXFileReference; includeInIndex = 1; lastKnownFileType = text.xcconfig; name = "Pods-ProductViewerUITests.debug.xcconfig"; path = "Pods/Target Support Files/Pods-ProductViewerUITests/Pods-ProductViewerUITests.debug.xcconfig"; sourceTree = "<group>"; };
		BC00926E710B771B43B89485 /* Pods-ProductViewer.release.xcconfig */ = {isa = PBXFileReference; includeInIndex = 1; lastKnownFileType = text.xcconfig; name = "Pods-ProductViewer.release.xcconfig"; path = "Pods/Target Support Files/Pods-ProductViewer/Pods-ProductViewer.release.xcconfig"; sourceTree = "<group>"; };
		D1ECC77753C6A8184DBC1594 /* Pods_ProductViewerTests.framework */ = {isa = PBXFileReference; explicitFileType = wrapper.framework; includeInIndex = 0; path = Pods_ProductViewerTests.framework; sourceTree = BUILT_PRODUCTS_DIR; };
		DE0A9D112C1B3B7532A201A2 /* Pods-ProductViewerTests.debug.xcconfig */ = {isa = PBXFileReference; includeInIndex = 1; lastKnownFileType = text.xcconfig; name = "Pods-ProductViewerTests.debug.xcconfig"; path = "Pods/Target Support Files/Pods-ProductViewerTests/Pods-ProductViewerTests.debug.xcconfig"; sourceTree = "<group>"; };
		E49DE1E931EC98894DE1FC85 /* Pods_ProductViewerUITests.framework */ = {isa = PBXFileReference; explicitFileType = wrapper.framework; includeInIndex = 0; path = Pods_ProductViewerUITests.framework; sourceTree = BUILT_PRODUCTS_DIR; };
		F7A4081E61A8F9F7BC96DB6B /* Pods_ProductViewer.framework */ = {isa = PBXFileReference; explicitFileType = wrapper.framework; includeInIndex = 0; path = Pods_ProductViewer.framework; sourceTree = BUILT_PRODUCTS_DIR; };
/* End PBXFileReference section */

/* Begin PBXFrameworksBuildPhase section */
		277630BA1FDD897B0048AC60 /* Frameworks */ = {
			isa = PBXFrameworksBuildPhase;
			buildActionMask = 2147483647;
			files = (
				F759FD3576DEB187E3A33D6C /* Pods_ProductViewer.framework in Frameworks */,
			);
			runOnlyForDeploymentPostprocessing = 0;
		};
		277630CE1FDD897C0048AC60 /* Frameworks */ = {
			isa = PBXFrameworksBuildPhase;
			buildActionMask = 2147483647;
			files = (
				82B1A179D1CC76B09BF253A4 /* Pods_ProductViewerTests.framework in Frameworks */,
			);
			runOnlyForDeploymentPostprocessing = 0;
		};
		277630D91FDD897C0048AC60 /* Frameworks */ = {
			isa = PBXFrameworksBuildPhase;
			buildActionMask = 2147483647;
			files = (
				7586BAE62439EC9DDFCFE0C3 /* Pods_ProductViewerUITests.framework in Frameworks */,
			);
			runOnlyForDeploymentPostprocessing = 0;
		};
/* End PBXFrameworksBuildPhase section */

/* Begin PBXGroup section */
		2726DBC91FE2E7D4003CE073 /* Offer */ = {
			isa = PBXGroup;
			children = (
				27387D9E1FDEE5AD00D5661C /* Offer.swift */,
				27582A531FDD92F2000155D5 /* Offer Collection */,
				27387DA01FDEF60700D5661C /* Offer Detail */,
			);
			path = Offer;
			sourceTree = "<group>";
		};
		27387DA01FDEF60700D5661C /* Offer Detail */ = {
			isa = PBXGroup;
			children = (
				27387DA11FDEF62300D5661C /* OfferDetailViewController.swift */,
				275BDD181FDF682B002F662A /* OfferDetailView.swift */,
				279E37281FE20D9600BF5BBA /* OfferCollectionViewFlowLayout.swift */,
			);
			path = "Offer Detail";
			sourceTree = "<group>";
		};
		27387DA31FDF2A3B00D5661C /* Type Extensions */ = {
			isa = PBXGroup;
			children = (
				27387DA41FDF2A5900D5661C /* ColorExtension.swift */,
				27387DA61FDF380300D5661C /* UIViewExtension.swift */,
				2776C2421FE0559100F3873D /* UILabelExtension.swift */,
			);
			path = "Type Extensions";
			sourceTree = "<group>";
		};
		27582A531FDD92F2000155D5 /* Offer Collection */ = {
			isa = PBXGroup;
			children = (
				277630C21FDD897B0048AC60 /* OffersCollectionViewController.swift */,
				27582A511FDD9265000155D5 /* OfferCollectionViewCell.swift */,
			);
			path = "Offer Collection";
			sourceTree = "<group>";
		};
		275BDD1A1FDF6C58002F662A /* Views */ = {
			isa = PBXGroup;
			children = (
				275BDD1B1FDF6CC6002F662A /* FavoritableImageView.swift */,
				275BDD1F1FE0297B002F662A /* FavoriteButton.swift */,
			);
			path = Views;
			sourceTree = "<group>";
		};
		277630B41FDD897B0048AC60 = {
			isa = PBXGroup;
			children = (
				277630BF1FDD897B0048AC60 /* ProductViewer */,
				277630D41FDD897C0048AC60 /* ProductViewerTests */,
				277630DF1FDD897C0048AC60 /* ProductViewerUITests */,
				277630BE1FDD897B0048AC60 /* Products */,
				4D907F17D98094A9486AF2F7 /* Pods */,
				4EC3EF1A0CF85DD8A17EB63B /* Frameworks */,
			);
			sourceTree = "<group>";
		};
		277630BE1FDD897B0048AC60 /* Products */ = {
			isa = PBXGroup;
			children = (
				277630BD1FDD897B0048AC60 /* ProductViewer.app */,
				277630D11FDD897C0048AC60 /* ProductViewerTests.xctest */,
				277630DC1FDD897C0048AC60 /* ProductViewerUITests.xctest */,
			);
			name = Products;
			sourceTree = "<group>";
		};
		277630BF1FDD897B0048AC60 /* ProductViewer */ = {
			isa = PBXGroup;
			children = (
				2776C2461FE0764300F3873D /* Globals */,
				275BDD1A1FDF6C58002F662A /* Views */,
				27387DA31FDF2A3B00D5661C /* Type Extensions */,
				2726DBC91FE2E7D4003CE073 /* Offer */,
				277630C01FDD897B0048AC60 /* AppDelegate.swift */,
				277630C91FDD897B0048AC60 /* LaunchScreen.storyboard */,
				277630CC1FDD897B0048AC60 /* Info.plist */,
				27582A561FDDF3C6000155D5 /* Assets.xcassets */,
				2776C2441FE05D4C00F3873D /* data.json */,
			);
			path = ProductViewer;
			sourceTree = "<group>";
		};
		277630D41FDD897C0048AC60 /* ProductViewerTests */ = {
			isa = PBXGroup;
			children = (
				277630D51FDD897C0048AC60 /* ProductViewerTests.swift */,
				277630D71FDD897C0048AC60 /* Info.plist */,
			);
			path = ProductViewerTests;
			sourceTree = "<group>";
		};
		277630DF1FDD897C0048AC60 /* ProductViewerUITests */ = {
			isa = PBXGroup;
			children = (
				277630E01FDD897C0048AC60 /* ProductViewerUITests.swift */,
				277630E21FDD897C0048AC60 /* Info.plist */,
			);
			path = ProductViewerUITests;
			sourceTree = "<group>";
		};
		2776C2461FE0764300F3873D /* Globals */ = {
			isa = PBXGroup;
			children = (
				2776C2471FE0765E00F3873D /* ScreenDimensions.swift */,
			);
			path = Globals;
			sourceTree = "<group>";
		};
		4D907F17D98094A9486AF2F7 /* Pods */ = {
			isa = PBXGroup;
			children = (
				1D9BFEB324379BB323AE8603 /* Pods-ProductViewer.debug.xcconfig */,
				BC00926E710B771B43B89485 /* Pods-ProductViewer.release.xcconfig */,
				DE0A9D112C1B3B7532A201A2 /* Pods-ProductViewerTests.debug.xcconfig */,
				4D72AED3B90AE97D8C255BBE /* Pods-ProductViewerTests.release.xcconfig */,
				4F1EB2B0BA98EF7C6FF7DD90 /* Pods-ProductViewerUITests.debug.xcconfig */,
				381AC6A7DA62685D5F8A90FD /* Pods-ProductViewerUITests.release.xcconfig */,
			);
			name = Pods;
			sourceTree = "<group>";
		};
		4EC3EF1A0CF85DD8A17EB63B /* Frameworks */ = {
			isa = PBXGroup;
			children = (
				F7A4081E61A8F9F7BC96DB6B /* Pods_ProductViewer.framework */,
				D1ECC77753C6A8184DBC1594 /* Pods_ProductViewerTests.framework */,
				E49DE1E931EC98894DE1FC85 /* Pods_ProductViewerUITests.framework */,
			);
			name = Frameworks;
			sourceTree = "<group>";
		};
/* End PBXGroup section */

/* Begin PBXNativeTarget section */
		277630BC1FDD897B0048AC60 /* ProductViewer */ = {
			isa = PBXNativeTarget;
			buildConfigurationList = 277630E51FDD897C0048AC60 /* Build configuration list for PBXNativeTarget "ProductViewer" */;
			buildPhases = (
				19DAB4188FD2FD0604C64F28 /* [CP] Check Pods Manifest.lock */,
				277630B91FDD897B0048AC60 /* Sources */,
				277630BA1FDD897B0048AC60 /* Frameworks */,
				277630BB1FDD897B0048AC60 /* Resources */,
				BE71EEA0E4EDF52D89FA85A4 /* [CP] Embed Pods Frameworks */,
				C53CDA133792C73266EC0FED /* [CP] Copy Pods Resources */,
			);
			buildRules = (
			);
			dependencies = (
			);
			name = ProductViewer;
			productName = ProductViewer;
			productReference = 277630BD1FDD897B0048AC60 /* ProductViewer.app */;
			productType = "com.apple.product-type.application";
		};
		277630D01FDD897C0048AC60 /* ProductViewerTests */ = {
			isa = PBXNativeTarget;
			buildConfigurationList = 277630E81FDD897C0048AC60 /* Build configuration list for PBXNativeTarget "ProductViewerTests" */;
			buildPhases = (
				BBFD7D2C91F456F450D561DD /* [CP] Check Pods Manifest.lock */,
				277630CD1FDD897C0048AC60 /* Sources */,
				277630CE1FDD897C0048AC60 /* Frameworks */,
				277630CF1FDD897C0048AC60 /* Resources */,
				5B1A0398DBDBA7D4D722BD19 /* [CP] Embed Pods Frameworks */,
				0AF12F68ECAC48F9DA8846B1 /* [CP] Copy Pods Resources */,
			);
			buildRules = (
			);
			dependencies = (
				277630D31FDD897C0048AC60 /* PBXTargetDependency */,
			);
			name = ProductViewerTests;
			productName = ProductViewerTests;
			productReference = 277630D11FDD897C0048AC60 /* ProductViewerTests.xctest */;
			productType = "com.apple.product-type.bundle.unit-test";
		};
		277630DB1FDD897C0048AC60 /* ProductViewerUITests */ = {
			isa = PBXNativeTarget;
			buildConfigurationList = 277630EB1FDD897C0048AC60 /* Build configuration list for PBXNativeTarget "ProductViewerUITests" */;
			buildPhases = (
				F6A47BA5239AE1C41DA858E3 /* [CP] Check Pods Manifest.lock */,
				277630D81FDD897C0048AC60 /* Sources */,
				277630D91FDD897C0048AC60 /* Frameworks */,
				277630DA1FDD897C0048AC60 /* Resources */,
				E853D67B0DBBDC16A13C5FF8 /* [CP] Embed Pods Frameworks */,
				5A723B90E52B310A183592AE /* [CP] Copy Pods Resources */,
			);
			buildRules = (
			);
			dependencies = (
				277630DE1FDD897C0048AC60 /* PBXTargetDependency */,
			);
			name = ProductViewerUITests;
			productName = ProductViewerUITests;
			productReference = 277630DC1FDD897C0048AC60 /* ProductViewerUITests.xctest */;
			productType = "com.apple.product-type.bundle.ui-testing";
		};
/* End PBXNativeTarget section */

/* Begin PBXProject section */
		277630B51FDD897B0048AC60 /* Project object */ = {
			isa = PBXProject;
			attributes = {
				LastSwiftUpdateCheck = 0910;
				LastUpgradeCheck = 0910;
				ORGANIZATIONNAME = "Richard S. Munz";
				TargetAttributes = {
					277630BC1FDD897B0048AC60 = {
						CreatedOnToolsVersion = 9.1;
						ProvisioningStyle = Automatic;
					};
					277630D01FDD897C0048AC60 = {
						CreatedOnToolsVersion = 9.1;
						ProvisioningStyle = Automatic;
						TestTargetID = 277630BC1FDD897B0048AC60;
					};
					277630DB1FDD897C0048AC60 = {
						CreatedOnToolsVersion = 9.1;
						ProvisioningStyle = Automatic;
						TestTargetID = 277630BC1FDD897B0048AC60;
					};
				};
			};
			buildConfigurationList = 277630B81FDD897B0048AC60 /* Build configuration list for PBXProject "ProductViewer" */;
			compatibilityVersion = "Xcode 8.0";
			developmentRegion = en;
			hasScannedForEncodings = 0;
			knownRegions = (
				en,
				Base,
			);
			mainGroup = 277630B41FDD897B0048AC60;
			productRefGroup = 277630BE1FDD897B0048AC60 /* Products */;
			projectDirPath = "";
			projectRoot = "";
			targets = (
				277630BC1FDD897B0048AC60 /* ProductViewer */,
				277630D01FDD897C0048AC60 /* ProductViewerTests */,
				277630DB1FDD897C0048AC60 /* ProductViewerUITests */,
			);
		};
/* End PBXProject section */

/* Begin PBXResourcesBuildPhase section */
		277630BB1FDD897B0048AC60 /* Resources */ = {
			isa = PBXResourcesBuildPhase;
			buildActionMask = 2147483647;
			files = (
				27582A571FDDF3C6000155D5 /* Assets.xcassets in Resources */,
				2776C2451FE05D4C00F3873D /* data.json in Resources */,
				277630CB1FDD897B0048AC60 /* LaunchScreen.storyboard in Resources */,
			);
			runOnlyForDeploymentPostprocessing = 0;
		};
		277630CF1FDD897C0048AC60 /* Resources */ = {
			isa = PBXResourcesBuildPhase;
			buildActionMask = 2147483647;
			files = (
			);
			runOnlyForDeploymentPostprocessing = 0;
		};
		277630DA1FDD897C0048AC60 /* Resources */ = {
			isa = PBXResourcesBuildPhase;
			buildActionMask = 2147483647;
			files = (
			);
			runOnlyForDeploymentPostprocessing = 0;
		};
/* End PBXResourcesBuildPhase section */

/* Begin PBXShellScriptBuildPhase section */
		0AF12F68ECAC48F9DA8846B1 /* [CP] Copy Pods Resources */ = {
			isa = PBXShellScriptBuildPhase;
			buildActionMask = 2147483647;
			files = (
			);
			inputPaths = (
			);
			name = "[CP] Copy Pods Resources";
			outputPaths = (
			);
			runOnlyForDeploymentPostprocessing = 0;
			shellPath = /bin/sh;
			shellScript = "\"${SRCROOT}/Pods/Target Support Files/Pods-ProductViewerTests/Pods-ProductViewerTests-resources.sh\"\n";
			showEnvVarsInLog = 0;
		};
		19DAB4188FD2FD0604C64F28 /* [CP] Check Pods Manifest.lock */ = {
			isa = PBXShellScriptBuildPhase;
			buildActionMask = 2147483647;
			files = (
			);
			inputPaths = (
				"${PODS_PODFILE_DIR_PATH}/Podfile.lock",
				"${PODS_ROOT}/Manifest.lock",
			);
			name = "[CP] Check Pods Manifest.lock";
			outputPaths = (
				"$(DERIVED_FILE_DIR)/Pods-ProductViewer-checkManifestLockResult.txt",
			);
			runOnlyForDeploymentPostprocessing = 0;
			shellPath = /bin/sh;
			shellScript = "diff \"${PODS_PODFILE_DIR_PATH}/Podfile.lock\" \"${PODS_ROOT}/Manifest.lock\" > /dev/null\nif [ $? != 0 ] ; then\n    # print error to STDERR\n    echo \"error: The sandbox is not in sync with the Podfile.lock. Run 'pod install' or update your CocoaPods installation.\" >&2\n    exit 1\nfi\n# This output is used by Xcode 'outputs' to avoid re-running this script phase.\necho \"SUCCESS\" > \"${SCRIPT_OUTPUT_FILE_0}\"\n";
			showEnvVarsInLog = 0;
		};
		5A723B90E52B310A183592AE /* [CP] Copy Pods Resources */ = {
			isa = PBXShellScriptBuildPhase;
			buildActionMask = 2147483647;
			files = (
			);
			inputPaths = (
			);
			name = "[CP] Copy Pods Resources";
			outputPaths = (
			);
			runOnlyForDeploymentPostprocessing = 0;
			shellPath = /bin/sh;
			shellScript = "\"${SRCROOT}/Pods/Target Support Files/Pods-ProductViewerUITests/Pods-ProductViewerUITests-resources.sh\"\n";
			showEnvVarsInLog = 0;
		};
		5B1A0398DBDBA7D4D722BD19 /* [CP] Embed Pods Frameworks */ = {
			isa = PBXShellScriptBuildPhase;
			buildActionMask = 2147483647;
			files = (
			);
			inputPaths = (
			);
			name = "[CP] Embed Pods Frameworks";
			outputPaths = (
			);
			runOnlyForDeploymentPostprocessing = 0;
			shellPath = /bin/sh;
			shellScript = "\"${SRCROOT}/Pods/Target Support Files/Pods-ProductViewerTests/Pods-ProductViewerTests-frameworks.sh\"\n";
			showEnvVarsInLog = 0;
		};
		BBFD7D2C91F456F450D561DD /* [CP] Check Pods Manifest.lock */ = {
			isa = PBXShellScriptBuildPhase;
			buildActionMask = 2147483647;
			files = (
			);
			inputPaths = (
				"${PODS_PODFILE_DIR_PATH}/Podfile.lock",
				"${PODS_ROOT}/Manifest.lock",
			);
			name = "[CP] Check Pods Manifest.lock";
			outputPaths = (
				"$(DERIVED_FILE_DIR)/Pods-ProductViewerTests-checkManifestLockResult.txt",
			);
			runOnlyForDeploymentPostprocessing = 0;
			shellPath = /bin/sh;
			shellScript = "diff \"${PODS_PODFILE_DIR_PATH}/Podfile.lock\" \"${PODS_ROOT}/Manifest.lock\" > /dev/null\nif [ $? != 0 ] ; then\n    # print error to STDERR\n    echo \"error: The sandbox is not in sync with the Podfile.lock. Run 'pod install' or update your CocoaPods installation.\" >&2\n    exit 1\nfi\n# This output is used by Xcode 'outputs' to avoid re-running this script phase.\necho \"SUCCESS\" > \"${SCRIPT_OUTPUT_FILE_0}\"\n";
			showEnvVarsInLog = 0;
		};
		BE71EEA0E4EDF52D89FA85A4 /* [CP] Embed Pods Frameworks */ = {
			isa = PBXShellScriptBuildPhase;
			buildActionMask = 2147483647;
			files = (
			);
			inputPaths = (
				"${SRCROOT}/Pods/Target Support Files/Pods-ProductViewer/Pods-ProductViewer-frameworks.sh",
				"${BUILT_PRODUCTS_DIR}/Kingfisher/Kingfisher.framework",
			);
			name = "[CP] Embed Pods Frameworks";
			outputPaths = (
				"${TARGET_BUILD_DIR}/${FRAMEWORKS_FOLDER_PATH}/Kingfisher.framework",
			);
			runOnlyForDeploymentPostprocessing = 0;
			shellPath = /bin/sh;
			shellScript = "\"${SRCROOT}/Pods/Target Support Files/Pods-ProductViewer/Pods-ProductViewer-frameworks.sh\"\n";
			showEnvVarsInLog = 0;
		};
		C53CDA133792C73266EC0FED /* [CP] Copy Pods Resources */ = {
			isa = PBXShellScriptBuildPhase;
			buildActionMask = 2147483647;
			files = (
			);
			inputPaths = (
			);
			name = "[CP] Copy Pods Resources";
			outputPaths = (
			);
			runOnlyForDeploymentPostprocessing = 0;
			shellPath = /bin/sh;
			shellScript = "\"${SRCROOT}/Pods/Target Support Files/Pods-ProductViewer/Pods-ProductViewer-resources.sh\"\n";
			showEnvVarsInLog = 0;
		};
		E853D67B0DBBDC16A13C5FF8 /* [CP] Embed Pods Frameworks */ = {
			isa = PBXShellScriptBuildPhase;
			buildActionMask = 2147483647;
			files = (
			);
			inputPaths = (
			);
			name = "[CP] Embed Pods Frameworks";
			outputPaths = (
			);
			runOnlyForDeploymentPostprocessing = 0;
			shellPath = /bin/sh;
			shellScript = "\"${SRCROOT}/Pods/Target Support Files/Pods-ProductViewerUITests/Pods-ProductViewerUITests-frameworks.sh\"\n";
			showEnvVarsInLog = 0;
		};
		F6A47BA5239AE1C41DA858E3 /* [CP] Check Pods Manifest.lock */ = {
			isa = PBXShellScriptBuildPhase;
			buildActionMask = 2147483647;
			files = (
			);
			inputPaths = (
				"${PODS_PODFILE_DIR_PATH}/Podfile.lock",
				"${PODS_ROOT}/Manifest.lock",
			);
			name = "[CP] Check Pods Manifest.lock";
			outputPaths = (
				"$(DERIVED_FILE_DIR)/Pods-ProductViewerUITests-checkManifestLockResult.txt",
			);
			runOnlyForDeploymentPostprocessing = 0;
			shellPath = /bin/sh;
			shellScript = "diff \"${PODS_PODFILE_DIR_PATH}/Podfile.lock\" \"${PODS_ROOT}/Manifest.lock\" > /dev/null\nif [ $? != 0 ] ; then\n    # print error to STDERR\n    echo \"error: The sandbox is not in sync with the Podfile.lock. Run 'pod install' or update your CocoaPods installation.\" >&2\n    exit 1\nfi\n# This output is used by Xcode 'outputs' to avoid re-running this script phase.\necho \"SUCCESS\" > \"${SCRIPT_OUTPUT_FILE_0}\"\n";
			showEnvVarsInLog = 0;
		};
/* End PBXShellScriptBuildPhase section */

/* Begin PBXSourcesBuildPhase section */
		277630B91FDD897B0048AC60 /* Sources */ = {
			isa = PBXSourcesBuildPhase;
			buildActionMask = 2147483647;
			files = (
				279E37291FE20D9600BF5BBA /* OfferCollectionViewFlowLayout.swift in Sources */,
				275BDD191FDF682B002F662A /* OfferDetailView.swift in Sources */,
				27387D9F1FDEE5AD00D5661C /* Offer.swift in Sources */,
				277630C31FDD897B0048AC60 /* OffersCollectionViewController.swift in Sources */,
				2776C2431FE0559100F3873D /* UILabelExtension.swift in Sources */,
				27582A521FDD9265000155D5 /* OfferCollectionViewCell.swift in Sources */,
				27387DA51FDF2A5900D5661C /* ColorExtension.swift in Sources */,
				27387DA71FDF380300D5661C /* UIViewExtension.swift in Sources */,
				2776C2481FE0765E00F3873D /* ScreenDimensions.swift in Sources */,
				275BDD1C1FDF6CC6002F662A /* FavoritableImageView.swift in Sources */,
				277630C11FDD897B0048AC60 /* AppDelegate.swift in Sources */,
				275BDD201FE0297B002F662A /* FavoriteButton.swift in Sources */,
				27387DA21FDEF62300D5661C /* OfferDetailViewController.swift in Sources */,
			);
			runOnlyForDeploymentPostprocessing = 0;
		};
		277630CD1FDD897C0048AC60 /* Sources */ = {
			isa = PBXSourcesBuildPhase;
			buildActionMask = 2147483647;
			files = (
				277630D61FDD897C0048AC60 /* ProductViewerTests.swift in Sources */,
			);
			runOnlyForDeploymentPostprocessing = 0;
		};
		277630D81FDD897C0048AC60 /* Sources */ = {
			isa = PBXSourcesBuildPhase;
			buildActionMask = 2147483647;
			files = (
				277630E11FDD897C0048AC60 /* ProductViewerUITests.swift in Sources */,
			);
			runOnlyForDeploymentPostprocessing = 0;
		};
/* End PBXSourcesBuildPhase section */

/* Begin PBXTargetDependency section */
		277630D31FDD897C0048AC60 /* PBXTargetDependency */ = {
			isa = PBXTargetDependency;
			target = 277630BC1FDD897B0048AC60 /* ProductViewer */;
			targetProxy = 277630D21FDD897C0048AC60 /* PBXContainerItemProxy */;
		};
		277630DE1FDD897C0048AC60 /* PBXTargetDependency */ = {
			isa = PBXTargetDependency;
			target = 277630BC1FDD897B0048AC60 /* ProductViewer */;
			targetProxy = 277630DD1FDD897C0048AC60 /* PBXContainerItemProxy */;
		};
/* End PBXTargetDependency section */

/* Begin PBXVariantGroup section */
		277630C91FDD897B0048AC60 /* LaunchScreen.storyboard */ = {
			isa = PBXVariantGroup;
			children = (
				277630CA1FDD897B0048AC60 /* Base */,
			);
			name = LaunchScreen.storyboard;
			sourceTree = "<group>";
		};
/* End PBXVariantGroup section */

/* Begin XCBuildConfiguration section */
		277630E31FDD897C0048AC60 /* Debug */ = {
			isa = XCBuildConfiguration;
			buildSettings = {
				ALWAYS_SEARCH_USER_PATHS = NO;
				CLANG_ANALYZER_NONNULL = YES;
				CLANG_ANALYZER_NUMBER_OBJECT_CONVERSION = YES_AGGRESSIVE;
				CLANG_CXX_LANGUAGE_STANDARD = "gnu++14";
				CLANG_CXX_LIBRARY = "libc++";
				CLANG_ENABLE_MODULES = YES;
				CLANG_ENABLE_OBJC_ARC = YES;
				CLANG_WARN_BLOCK_CAPTURE_AUTORELEASING = YES;
				CLANG_WARN_BOOL_CONVERSION = YES;
				CLANG_WARN_COMMA = YES;
				CLANG_WARN_CONSTANT_CONVERSION = YES;
				CLANG_WARN_DIRECT_OBJC_ISA_USAGE = YES_ERROR;
				CLANG_WARN_DOCUMENTATION_COMMENTS = YES;
				CLANG_WARN_EMPTY_BODY = YES;
				CLANG_WARN_ENUM_CONVERSION = YES;
				CLANG_WARN_INFINITE_RECURSION = YES;
				CLANG_WARN_INT_CONVERSION = YES;
				CLANG_WARN_NON_LITERAL_NULL_CONVERSION = YES;
				CLANG_WARN_OBJC_LITERAL_CONVERSION = YES;
				CLANG_WARN_OBJC_ROOT_CLASS = YES_ERROR;
				CLANG_WARN_RANGE_LOOP_ANALYSIS = YES;
				CLANG_WARN_STRICT_PROTOTYPES = YES;
				CLANG_WARN_SUSPICIOUS_MOVE = YES;
				CLANG_WARN_UNGUARDED_AVAILABILITY = YES_AGGRESSIVE;
				CLANG_WARN_UNREACHABLE_CODE = YES;
				CLANG_WARN__DUPLICATE_METHOD_MATCH = YES;
				CODE_SIGN_IDENTITY = "iPhone Developer";
				COPY_PHASE_STRIP = NO;
				DEBUG_INFORMATION_FORMAT = dwarf;
				ENABLE_STRICT_OBJC_MSGSEND = YES;
				ENABLE_TESTABILITY = YES;
				GCC_C_LANGUAGE_STANDARD = gnu11;
				GCC_DYNAMIC_NO_PIC = NO;
				GCC_NO_COMMON_BLOCKS = YES;
				GCC_OPTIMIZATION_LEVEL = 0;
				GCC_PREPROCESSOR_DEFINITIONS = (
					"DEBUG=1",
					"$(inherited)",
				);
				GCC_WARN_64_TO_32_BIT_CONVERSION = YES;
				GCC_WARN_ABOUT_RETURN_TYPE = YES_ERROR;
				GCC_WARN_UNDECLARED_SELECTOR = YES;
				GCC_WARN_UNINITIALIZED_AUTOS = YES_AGGRESSIVE;
				GCC_WARN_UNUSED_FUNCTION = YES;
				GCC_WARN_UNUSED_VARIABLE = YES;
				IPHONEOS_DEPLOYMENT_TARGET = 11.1;
				MTL_ENABLE_DEBUG_INFO = YES;
				ONLY_ACTIVE_ARCH = YES;
				SDKROOT = iphoneos;
				SWIFT_ACTIVE_COMPILATION_CONDITIONS = DEBUG;
				SWIFT_OPTIMIZATION_LEVEL = "-Onone";
			};
			name = Debug;
		};
		277630E41FDD897C0048AC60 /* Release */ = {
			isa = XCBuildConfiguration;
			buildSettings = {
				ALWAYS_SEARCH_USER_PATHS = NO;
				CLANG_ANALYZER_NONNULL = YES;
				CLANG_ANALYZER_NUMBER_OBJECT_CONVERSION = YES_AGGRESSIVE;
				CLANG_CXX_LANGUAGE_STANDARD = "gnu++14";
				CLANG_CXX_LIBRARY = "libc++";
				CLANG_ENABLE_MODULES = YES;
				CLANG_ENABLE_OBJC_ARC = YES;
				CLANG_WARN_BLOCK_CAPTURE_AUTORELEASING = YES;
				CLANG_WARN_BOOL_CONVERSION = YES;
				CLANG_WARN_COMMA = YES;
				CLANG_WARN_CONSTANT_CONVERSION = YES;
				CLANG_WARN_DIRECT_OBJC_ISA_USAGE = YES_ERROR;
				CLANG_WARN_DOCUMENTATION_COMMENTS = YES;
				CLANG_WARN_EMPTY_BODY = YES;
				CLANG_WARN_ENUM_CONVERSION = YES;
				CLANG_WARN_INFINITE_RECURSION = YES;
				CLANG_WARN_INT_CONVERSION = YES;
				CLANG_WARN_NON_LITERAL_NULL_CONVERSION = YES;
				CLANG_WARN_OBJC_LITERAL_CONVERSION = YES;
				CLANG_WARN_OBJC_ROOT_CLASS = YES_ERROR;
				CLANG_WARN_RANGE_LOOP_ANALYSIS = YES;
				CLANG_WARN_STRICT_PROTOTYPES = YES;
				CLANG_WARN_SUSPICIOUS_MOVE = YES;
				CLANG_WARN_UNGUARDED_AVAILABILITY = YES_AGGRESSIVE;
				CLANG_WARN_UNREACHABLE_CODE = YES;
				CLANG_WARN__DUPLICATE_METHOD_MATCH = YES;
				CODE_SIGN_IDENTITY = "iPhone Developer";
				COPY_PHASE_STRIP = NO;
				DEBUG_INFORMATION_FORMAT = "dwarf-with-dsym";
				ENABLE_NS_ASSERTIONS = NO;
				ENABLE_STRICT_OBJC_MSGSEND = YES;
				GCC_C_LANGUAGE_STANDARD = gnu11;
				GCC_NO_COMMON_BLOCKS = YES;
				GCC_WARN_64_TO_32_BIT_CONVERSION = YES;
				GCC_WARN_ABOUT_RETURN_TYPE = YES_ERROR;
				GCC_WARN_UNDECLARED_SELECTOR = YES;
				GCC_WARN_UNINITIALIZED_AUTOS = YES_AGGRESSIVE;
				GCC_WARN_UNUSED_FUNCTION = YES;
				GCC_WARN_UNUSED_VARIABLE = YES;
				IPHONEOS_DEPLOYMENT_TARGET = 11.1;
				MTL_ENABLE_DEBUG_INFO = NO;
				SDKROOT = iphoneos;
				SWIFT_OPTIMIZATION_LEVEL = "-Owholemodule";
				VALIDATE_PRODUCT = YES;
			};
			name = Release;
		};
		277630E61FDD897C0048AC60 /* Debug */ = {
			isa = XCBuildConfiguration;
			baseConfigurationReference = 1D9BFEB324379BB323AE8603 /* Pods-ProductViewer.debug.xcconfig */;
			buildSettings = {
				ASSETCATALOG_COMPILER_APPICON_NAME = AppIcon;
				CODE_SIGN_STYLE = Automatic;
				DEVELOPMENT_TEAM = 39HW9QL7SF;
				INFOPLIST_FILE = ProductViewer/Info.plist;
				LD_RUNPATH_SEARCH_PATHS = "$(inherited) @executable_path/Frameworks";
				PRODUCT_BUNDLE_IDENTIFIER = com.example.rickymunz.ProductViewer;
				PRODUCT_NAME = "$(TARGET_NAME)";
				SWIFT_VERSION = 4.0;
				TARGETED_DEVICE_FAMILY = 1;
			};
			name = Debug;
		};
		277630E71FDD897C0048AC60 /* Release */ = {
			isa = XCBuildConfiguration;
			baseConfigurationReference = BC00926E710B771B43B89485 /* Pods-ProductViewer.release.xcconfig */;
			buildSettings = {
				ASSETCATALOG_COMPILER_APPICON_NAME = AppIcon;
				CODE_SIGN_STYLE = Automatic;
				DEVELOPMENT_TEAM = 39HW9QL7SF;
				INFOPLIST_FILE = ProductViewer/Info.plist;
				LD_RUNPATH_SEARCH_PATHS = "$(inherited) @executable_path/Frameworks";
				PRODUCT_BUNDLE_IDENTIFIER = com.example.rickymunz.ProductViewer;
				PRODUCT_NAME = "$(TARGET_NAME)";
				SWIFT_VERSION = 4.0;
				TARGETED_DEVICE_FAMILY = 1;
			};
			name = Release;
		};
		277630E91FDD897C0048AC60 /* Debug */ = {
			isa = XCBuildConfiguration;
			baseConfigurationReference = DE0A9D112C1B3B7532A201A2 /* Pods-ProductViewerTests.debug.xcconfig */;
			buildSettings = {
				ALWAYS_EMBED_SWIFT_STANDARD_LIBRARIES = YES;
				BUNDLE_LOADER = "$(TEST_HOST)";
				CODE_SIGN_STYLE = Automatic;
				DEVELOPMENT_TEAM = 39HW9QL7SF;
				INFOPLIST_FILE = ProductViewerTests/Info.plist;
				LD_RUNPATH_SEARCH_PATHS = "$(inherited) @executable_path/Frameworks @loader_path/Frameworks";
				PRODUCT_BUNDLE_IDENTIFIER = com.example.rickymunz.ProductViewerTests;
				PRODUCT_NAME = "$(TARGET_NAME)";
				SWIFT_VERSION = 4.0;
				TARGETED_DEVICE_FAMILY = "1,2";
				TEST_HOST = "$(BUILT_PRODUCTS_DIR)/ProductViewer.app/ProductViewer";
			};
			name = Debug;
		};
		277630EA1FDD897C0048AC60 /* Release */ = {
			isa = XCBuildConfiguration;
			baseConfigurationReference = 4D72AED3B90AE97D8C255BBE /* Pods-ProductViewerTests.release.xcconfig */;
			buildSettings = {
				ALWAYS_EMBED_SWIFT_STANDARD_LIBRARIES = YES;
				BUNDLE_LOADER = "$(TEST_HOST)";
				CODE_SIGN_STYLE = Automatic;
				DEVELOPMENT_TEAM = 39HW9QL7SF;
				INFOPLIST_FILE = ProductViewerTests/Info.plist;
				LD_RUNPATH_SEARCH_PATHS = "$(inherited) @executable_path/Frameworks @loader_path/Frameworks";
				PRODUCT_BUNDLE_IDENTIFIER = com.example.rickymunz.ProductViewerTests;
				PRODUCT_NAME = "$(TARGET_NAME)";
				SWIFT_VERSION = 4.0;
				TARGETED_DEVICE_FAMILY = "1,2";
				TEST_HOST = "$(BUILT_PRODUCTS_DIR)/ProductViewer.app/ProductViewer";
			};
			name = Release;
		};
		277630EC1FDD897C0048AC60 /* Debug */ = {
			isa = XCBuildConfiguration;
			baseConfigurationReference = 4F1EB2B0BA98EF7C6FF7DD90 /* Pods-ProductViewerUITests.debug.xcconfig */;
			buildSettings = {
				ALWAYS_EMBED_SWIFT_STANDARD_LIBRARIES = YES;
				CODE_SIGN_STYLE = Automatic;
				DEVELOPMENT_TEAM = 39HW9QL7SF;
				INFOPLIST_FILE = ProductViewerUITests/Info.plist;
				LD_RUNPATH_SEARCH_PATHS = "$(inherited) @executable_path/Frameworks @loader_path/Frameworks";
				PRODUCT_BUNDLE_IDENTIFIER = com.example.rickymunz.ProductViewerUITests;
				PRODUCT_NAME = "$(TARGET_NAME)";
				SWIFT_VERSION = 4.0;
				TARGETED_DEVICE_FAMILY = "1,2";
				TEST_TARGET_NAME = ProductViewer;
			};
			name = Debug;
		};
		277630ED1FDD897C0048AC60 /* Release */ = {
			isa = XCBuildConfiguration;
			baseConfigurationReference = 381AC6A7DA62685D5F8A90FD /* Pods-ProductViewerUITests.release.xcconfig */;
			buildSettings = {
				ALWAYS_EMBED_SWIFT_STANDARD_LIBRARIES = YES;
				CODE_SIGN_STYLE = Automatic;
				DEVELOPMENT_TEAM = 39HW9QL7SF;
				INFOPLIST_FILE = ProductViewerUITests/Info.plist;
				LD_RUNPATH_SEARCH_PATHS = "$(inherited) @executable_path/Frameworks @loader_path/Frameworks";
				PRODUCT_BUNDLE_IDENTIFIER = com.example.rickymunz.ProductViewerUITests;
				PRODUCT_NAME = "$(TARGET_NAME)";
				SWIFT_VERSION = 4.0;
				TARGETED_DEVICE_FAMILY = "1,2";
				TEST_TARGET_NAME = ProductViewer;
			};
			name = Release;
		};
/* End XCBuildConfiguration section */

/* Begin XCConfigurationList section */
		277630B81FDD897B0048AC60 /* Build configuration list for PBXProject "ProductViewer" */ = {
			isa = XCConfigurationList;
			buildConfigurations = (
				277630E31FDD897C0048AC60 /* Debug */,
				277630E41FDD897C0048AC60 /* Release */,
			);
			defaultConfigurationIsVisible = 0;
			defaultConfigurationName = Release;
		};
		277630E51FDD897C0048AC60 /* Build configuration list for PBXNativeTarget "ProductViewer" */ = {
			isa = XCConfigurationList;
			buildConfigurations = (
				277630E61FDD897C0048AC60 /* Debug */,
				277630E71FDD897C0048AC60 /* Release */,
			);
			defaultConfigurationIsVisible = 0;
			defaultConfigurationName = Release;
		};
		277630E81FDD897C0048AC60 /* Build configuration list for PBXNativeTarget "ProductViewerTests" */ = {
			isa = XCConfigurationList;
			buildConfigurations = (
				277630E91FDD897C0048AC60 /* Debug */,
				277630EA1FDD897C0048AC60 /* Release */,
			);
			defaultConfigurationIsVisible = 0;
			defaultConfigurationName = Release;
		};
		277630EB1FDD897C0048AC60 /* Build configuration list for PBXNativeTarget "ProductViewerUITests" */ = {
			isa = XCConfigurationList;
			buildConfigurations = (
				277630EC1FDD897C0048AC60 /* Debug */,
				277630ED1FDD897C0048AC60 /* Release */,
			);
			defaultConfigurationIsVisible = 0;
			defaultConfigurationName = Release;
		};
/* End XCConfigurationList section */
	};
	rootObject = 277630B51FDD897B0048AC60 /* Project object */;
}
